
Microsoft Visual Studio Solution File, Format Version 12.00
# Visual Studio Version 17
VisualStudioVersion = 17.11.35327.3
MinimumVisualStudioVersion = 10.0.40219.1
Project("{FAE04EC0-301F-11D3-BF4B-00C04F79EFBC}") = "WinFormsApp1", "WinFormsApp1\WinFormsApp1.csproj", "{D9AB2E0A-98BE-4628-9C29-1AFDDC45EA5C}"
EndProject
Global
	GlobalSection(SolutionConfigurationPlatforms) = preSolution
		Debug|Any CPU = Debug|Any CPU
		Release|Any CPU = Release|Any CPU
	EndGlobalSection
	GlobalSection(ProjectConfigurationPlatforms) = postSolution
		{D9AB2E0A-98BE-4628-9C29-1AFDDC45EA5C}.Debug|Any CPU.ActiveCfg = Debug|Any CPU
		{D9AB2E0A-98BE-4628-9C29-1AFDDC45EA5C}.Debug|Any CPU.Build.0 = Debug|Any CPU
		{D9AB2E0A-98BE-4628-9C29-1AFDDC45EA5C}.Release|Any CPU.ActiveCfg = Release|Any CPU
		{D9AB2E0A-98BE-4628-9C29-1AFDDC45EA5C}.Release|Any CPU.Build.0 = Release|Any CPU
	EndGlobalSection
	GlobalSection(SolutionProperties) = preSolution
		HideSolutionNode = FALSE
	EndGlobalSection
	GlobalSection(ExtensibilityGlobals) = postSolution
		SolutionGuid = {EA009DC0-802B-44F3-931A-F4FECE74ECE1}
	EndGlobalSection
EndGlobal
