
Microsoft Visual Studio Solution File, Format Version 12.00
# Visual Studio Version 17
VisualStudioVersion = 17.11.35327.3
MinimumVisualStudioVersion = 10.0.40219.1
Project("{FAE04EC0-301F-11D3-BF4B-00C04F79EFBC}") = "Line", "circ\Line.csproj", "{28FFFB7C-5457-4CB2-AF9E-27F0E00327A4}"
EndProject
Global
	GlobalSection(SolutionConfigurationPlatforms) = preSolution
		Debug|Any CPU = Debug|Any CPU
		Release|Any CPU = Release|Any CPU
	EndGlobalSection
	GlobalSection(ProjectConfigurationPlatforms) = postSolution
		{28FFFB7C-5457-4CB2-AF9E-27F0E00327A4}.Debug|Any CPU.ActiveCfg = Debug|Any CPU
		{28FFFB7C-5457-4CB2-AF9E-27F0E00327A4}.Debug|Any CPU.Build.0 = Debug|Any CPU
		{28FFFB7C-5457-4CB2-AF9E-27F0E00327A4}.Release|Any CPU.ActiveCfg = Release|Any CPU
		{28FFFB7C-5457-4CB2-AF9E-27F0E00327A4}.Release|Any CPU.Build.0 = Release|Any CPU
	EndGlobalSection
	GlobalSection(SolutionProperties) = preSolution
		HideSolutionNode = FALSE
	EndGlobalSection
	GlobalSection(ExtensibilityGlobals) = postSolution
		SolutionGuid = {5C9581C3-98D8-49BF-9792-37B6FACA5FD0}
	EndGlobalSection
EndGlobal
