
Microsoft Visual Studio Solution File, Format Version 12.00
# Visual Studio Version 17
VisualStudioVersion = 17.11.35327.3
MinimumVisualStudioVersion = 10.0.40219.1
Project("{FAE04EC0-301F-11D3-BF4B-00C04F79EFBC}") = "DDA", "WindowsFormsApp5\DDA.csproj", "{7432B7C2-DBEE-42F5-BB4B-1CA576B60183}"
EndProject
Global
	GlobalSection(SolutionConfigurationPlatforms) = preSolution
		Debug|Any CPU = Debug|Any CPU
		Release|Any CPU = Release|Any CPU
	EndGlobalSection
	GlobalSection(ProjectConfigurationPlatforms) = postSolution
		{7432B7C2-DBEE-42F5-BB4B-1CA576B60183}.Debug|Any CPU.ActiveCfg = Debug|Any CPU
		{7432B7C2-DBEE-42F5-BB4B-1CA576B60183}.Debug|Any CPU.Build.0 = Debug|Any CPU
		{7432B7C2-DBEE-42F5-BB4B-1CA576B60183}.Release|Any CPU.ActiveCfg = Release|Any CPU
		{7432B7C2-DBEE-42F5-BB4B-1CA576B60183}.Release|Any CPU.Build.0 = Release|Any CPU
	EndGlobalSection
	GlobalSection(SolutionProperties) = preSolution
		HideSolutionNode = FALSE
	EndGlobalSection
	GlobalSection(ExtensibilityGlobals) = postSolution
		SolutionGuid = {A9F98779-8E5D-4ECD-B796-596FFAEDE97B}
	EndGlobalSection
EndGlobal
